
Microsoft Visual Studio Solution File, Format Version 12.00
Project("{FAE04EC0-301F-11D3-BF4B-00C04F79EFBC}") = "CarRent.WebApi", "CarRent.WebApi\CarRent.WebApi.csproj", "{C4B83A4A-AEF4-4FF5-8E8C-12EFC9762DA9}"
EndProject
Project("{FAE04EC0-301F-11D3-BF4B-00C04F79EFBC}") = "CarRent.Domain", "CarRent.Domain\CarRent.Domain.csproj", "{F7A7D5A0-15F2-46F9-9491-687E6EADBBF4}"
EndProject
Project("{FAE04EC0-301F-11D3-BF4B-00C04F79EFBC}") = "CarRent.Application", "CarRent.Application\CarRent.Application.csproj", "{9D0A6CEA-3FE4-4A34-9D31-36FB7A3E2749}"
EndProject
Project("{FAE04EC0-301F-11D3-BF4B-00C04F79EFBC}") = "CarRent.Infrastructure", "CarRent.Infrastructure\CarRent.Infrastructure.csproj", "{E7803237-41BA-465D-9C23-9C1FC2812FD6}"
EndProject
Global
	GlobalSection(SolutionConfigurationPlatforms) = preSolution
		Debug|Any CPU = Debug|Any CPU
		Release|Any CPU = Release|Any CPU
	EndGlobalSection
	GlobalSection(ProjectConfigurationPlatforms) = postSolution
		{C4B83A4A-AEF4-4FF5-8E8C-12EFC9762DA9}.Debug|Any CPU.ActiveCfg = Debug|Any CPU
		{C4B83A4A-AEF4-4FF5-8E8C-12EFC9762DA9}.Debug|Any CPU.Build.0 = Debug|Any CPU
		{C4B83A4A-AEF4-4FF5-8E8C-12EFC9762DA9}.Release|Any CPU.ActiveCfg = Release|Any CPU
		{C4B83A4A-AEF4-4FF5-8E8C-12EFC9762DA9}.Release|Any CPU.Build.0 = Release|Any CPU
		{F7A7D5A0-15F2-46F9-9491-687E6EADBBF4}.Debug|Any CPU.ActiveCfg = Debug|Any CPU
		{F7A7D5A0-15F2-46F9-9491-687E6EADBBF4}.Debug|Any CPU.Build.0 = Debug|Any CPU
		{F7A7D5A0-15F2-46F9-9491-687E6EADBBF4}.Release|Any CPU.ActiveCfg = Release|Any CPU
		{F7A7D5A0-15F2-46F9-9491-687E6EADBBF4}.Release|Any CPU.Build.0 = Release|Any CPU
		{9D0A6CEA-3FE4-4A34-9D31-36FB7A3E2749}.Debug|Any CPU.ActiveCfg = Debug|Any CPU
		{9D0A6CEA-3FE4-4A34-9D31-36FB7A3E2749}.Debug|Any CPU.Build.0 = Debug|Any CPU
		{9D0A6CEA-3FE4-4A34-9D31-36FB7A3E2749}.Release|Any CPU.ActiveCfg = Release|Any CPU
		{9D0A6CEA-3FE4-4A34-9D31-36FB7A3E2749}.Release|Any CPU.Build.0 = Release|Any CPU
		{E7803237-41BA-465D-9C23-9C1FC2812FD6}.Debug|Any CPU.ActiveCfg = Debug|Any CPU
		{E7803237-41BA-465D-9C23-9C1FC2812FD6}.Debug|Any CPU.Build.0 = Debug|Any CPU
		{E7803237-41BA-465D-9C23-9C1FC2812FD6}.Release|Any CPU.ActiveCfg = Release|Any CPU
		{E7803237-41BA-465D-9C23-9C1FC2812FD6}.Release|Any CPU.Build.0 = Release|Any CPU
	EndGlobalSection
EndGlobal
